
Microsoft Visual Studio Solution File, Format Version 12.00
# Visual Studio Version 17
VisualStudioVersion = 17.6.33815.320
MinimumVisualStudioVersion = 10.0.40219.1
Project("{FAE04EC0-301F-11D3-BF4B-00C04F79EFBC}") = "Lists Assignment", "Lists Assignment\Lists Assignment.csproj", "{55EA9F26-5152-46A1-BAA0-CBBE92FE47EA}"
EndProject
Global
	GlobalSection(SolutionConfigurationPlatforms) = preSolution
		Debug|Any CPU = Debug|Any CPU
		Release|Any CPU = Release|Any CPU
	EndGlobalSection
	GlobalSection(ProjectConfigurationPlatforms) = postSolution
		{55EA9F26-5152-46A1-BAA0-CBBE92FE47EA}.Debug|Any CPU.ActiveCfg = Debug|Any CPU
		{55EA9F26-5152-46A1-BAA0-CBBE92FE47EA}.Debug|Any CPU.Build.0 = Debug|Any CPU
		{55EA9F26-5152-46A1-BAA0-CBBE92FE47EA}.Release|Any CPU.ActiveCfg = Release|Any CPU
		{55EA9F26-5152-46A1-BAA0-CBBE92FE47EA}.Release|Any CPU.Build.0 = Release|Any CPU
	EndGlobalSection
	GlobalSection(SolutionProperties) = preSolution
		HideSolutionNode = FALSE
	EndGlobalSection
	GlobalSection(ExtensibilityGlobals) = postSolution
		SolutionGuid = {F21A225F-12D6-40CA-8D0C-EF17CAB83BB6}
	EndGlobalSection
EndGlobal
